// !$*UTF8*$!
{
	archiveVersion = 1;
	classes = {
	};
	objectVersion = 46;
	objects = {

/* Begin PBXBuildFile section */
		4E282E13073D37B079C77A72 /* libPods-SCTwitter.a in Frameworks */ = {isa = PBXBuildFile; fileRef = F285D7F4324ECC1D6A161047 /* libPods-SCTwitter.a */; };
		A077DE971BC5A9530059C28B /* Launch Screen.storyboard in Resources */ = {isa = PBXBuildFile; fileRef = A077DE961BC5A9530059C28B /* Launch Screen.storyboard */; settings = {ASSET_TAGS = (); }; };
		F99446EE14FEF6370017A5D8 /* UIKit.framework in Frameworks */ = {isa = PBXBuildFile; fileRef = F99446ED14FEF6370017A5D8 /* UIKit.framework */; };
		F99446F014FEF6370017A5D8 /* Foundation.framework in Frameworks */ = {isa = PBXBuildFile; fileRef = F99446EF14FEF6370017A5D8 /* Foundation.framework */; };
		F99446F214FEF6370017A5D8 /* CoreGraphics.framework in Frameworks */ = {isa = PBXBuildFile; fileRef = F99446F114FEF6370017A5D8 /* CoreGraphics.framework */; };
		F99446F814FEF6370017A5D8 /* InfoPlist.strings in Resources */ = {isa = PBXBuildFile; fileRef = F99446F614FEF6370017A5D8 /* InfoPlist.strings */; };
		F99446FA14FEF6370017A5D8 /* main.m in Sources */ = {isa = PBXBuildFile; fileRef = F99446F914FEF6370017A5D8 /* main.m */; };
		F99446FE14FEF6370017A5D8 /* SCTwitterAppDelegate.m in Sources */ = {isa = PBXBuildFile; fileRef = F99446FD14FEF6370017A5D8 /* SCTwitterAppDelegate.m */; };
		F994470114FEF6370017A5D8 /* MainStoryboard.storyboard in Resources */ = {isa = PBXBuildFile; fileRef = F99446FF14FEF6370017A5D8 /* MainStoryboard.storyboard */; };
		F994470414FEF6370017A5D8 /* SCTwitterViewController.m in Sources */ = {isa = PBXBuildFile; fileRef = F994470314FEF6370017A5D8 /* SCTwitterViewController.m */; };
		F994471014FEFB1B0017A5D8 /* SCTwitter.m in Sources */ = {isa = PBXBuildFile; fileRef = F994470F14FEFB1B0017A5D8 /* SCTwitter.m */; };
		F99448F5150119510017A5D8 /* icon.png in Resources */ = {isa = PBXBuildFile; fileRef = F99448F4150119500017A5D8 /* icon.png */; };
		F99448F71501195D0017A5D8 /* icon@2x.png in Resources */ = {isa = PBXBuildFile; fileRef = F99448F61501195B0017A5D8 /* icon@2x.png */; };
		F9A4ACD01501474500D73407 /* backgroundButton.png in Resources */ = {isa = PBXBuildFile; fileRef = F9A4ACCF1501474500D73407 /* backgroundButton.png */; };
		F9A4ACD2150149A200D73407 /* Default.png in Resources */ = {isa = PBXBuildFile; fileRef = F9A4ACD1150149A200D73407 /* Default.png */; };
		F9A4ACD4150149AB00D73407 /* Default@2x.png in Resources */ = {isa = PBXBuildFile; fileRef = F9A4ACD3150149AB00D73407 /* Default@2x.png */; };
/* End PBXBuildFile section */

/* Begin PBXFileReference section */
		A077DE961BC5A9530059C28B /* Launch Screen.storyboard */ = {isa = PBXFileReference; fileEncoding = 4; lastKnownFileType = file.storyboard; name = "Launch Screen.storyboard"; path = "../Launch Screen.storyboard"; sourceTree = "<group>"; };
		ED93C22DE19EC650A15F570F /* Pods-SCTwitter.debug.xcconfig */ = {isa = PBXFileReference; includeInIndex = 1; lastKnownFileType = text.xcconfig; name = "Pods-SCTwitter.debug.xcconfig"; path = "Pods/Target Support Files/Pods-SCTwitter/Pods-SCTwitter.debug.xcconfig"; sourceTree = "<group>"; };
		F285D7F4324ECC1D6A161047 /* libPods-SCTwitter.a */ = {isa = PBXFileReference; explicitFileType = archive.ar; includeInIndex = 0; path = "libPods-SCTwitter.a"; sourceTree = BUILT_PRODUCTS_DIR; };
		F99446E914FEF6370017A5D8 /* SCTwitter.app */ = {isa = PBXFileReference; explicitFileType = wrapper.application; includeInIndex = 0; path = SCTwitter.app; sourceTree = BUILT_PRODUCTS_DIR; };
		F99446ED14FEF6370017A5D8 /* UIKit.framework */ = {isa = PBXFileReference; lastKnownFileType = wrapper.framework; name = UIKit.framework; path = System/Library/Frameworks/UIKit.framework; sourceTree = SDKROOT; };
		F99446EF14FEF6370017A5D8 /* Foundation.framework */ = {isa = PBXFileReference; lastKnownFileType = wrapper.framework; name = Foundation.framework; path = System/Library/Frameworks/Foundation.framework; sourceTree = SDKROOT; };
		F99446F114FEF6370017A5D8 /* CoreGraphics.framework */ = {isa = PBXFileReference; lastKnownFileType = wrapper.framework; name = CoreGraphics.framework; path = System/Library/Frameworks/CoreGraphics.framework; sourceTree = SDKROOT; };
		F99446F514FEF6370017A5D8 /* SCTwitter-Info.plist */ = {isa = PBXFileReference; lastKnownFileType = text.plist.xml; path = "SCTwitter-Info.plist"; sourceTree = "<group>"; };
		F99446F714FEF6370017A5D8 /* en */ = {isa = PBXFileReference; lastKnownFileType = text.plist.strings; name = en; path = en.lproj/InfoPlist.strings; sourceTree = "<group>"; };
		F99446F914FEF6370017A5D8 /* main.m */ = {isa = PBXFileReference; lastKnownFileType = sourcecode.c.objc; path = main.m; sourceTree = "<group>"; };
		F99446FB14FEF6370017A5D8 /* SCTwitter-Prefix.pch */ = {isa = PBXFileReference; lastKnownFileType = sourcecode.c.h; path = "SCTwitter-Prefix.pch"; sourceTree = "<group>"; };
		F99446FC14FEF6370017A5D8 /* SCTwitterAppDelegate.h */ = {isa = PBXFileReference; lastKnownFileType = sourcecode.c.h; path = SCTwitterAppDelegate.h; sourceTree = "<group>"; };
		F99446FD14FEF6370017A5D8 /* SCTwitterAppDelegate.m */ = {isa = PBXFileReference; lastKnownFileType = sourcecode.c.objc; path = SCTwitterAppDelegate.m; sourceTree = "<group>"; };
		F994470014FEF6370017A5D8 /* en */ = {isa = PBXFileReference; lastKnownFileType = file.storyboard; name = en; path = en.lproj/MainStoryboard.storyboard; sourceTree = "<group>"; };
		F994470214FEF6370017A5D8 /* SCTwitterViewController.h */ = {isa = PBXFileReference; lastKnownFileType = sourcecode.c.h; path = SCTwitterViewController.h; sourceTree = "<group>"; };
		F994470314FEF6370017A5D8 /* SCTwitterViewController.m */ = {isa = PBXFileReference; lastKnownFileType = sourcecode.c.objc; path = SCTwitterViewController.m; sourceTree = "<group>"; };
		F994470E14FEFB1B0017A5D8 /* SCTwitter.h */ = {isa = PBXFileReference; fileEncoding = 4; lastKnownFileType = sourcecode.c.h; name = SCTwitter.h; path = SCTwitter/SCTwitter.h; sourceTree = "<group>"; };
		F994470F14FEFB1B0017A5D8 /* SCTwitter.m */ = {isa = PBXFileReference; fileEncoding = 4; lastKnownFileType = sourcecode.c.objc; name = SCTwitter.m; path = SCTwitter/SCTwitter.m; sourceTree = "<group>"; };
		F99448F4150119500017A5D8 /* icon.png */ = {isa = PBXFileReference; lastKnownFileType = image.png; name = icon.png; path = ../icon.png; sourceTree = "<group>"; };
		F99448F61501195B0017A5D8 /* icon@2x.png */ = {isa = PBXFileReference; lastKnownFileType = image.png; name = "icon@2x.png"; path = "../icon@2x.png"; sourceTree = "<group>"; };
		F9A4ACCF1501474500D73407 /* backgroundButton.png */ = {isa = PBXFileReference; lastKnownFileType = image.png; name = backgroundButton.png; path = Resources/images/backgroundButton.png; sourceTree = "<group>"; };
		F9A4ACD1150149A200D73407 /* Default.png */ = {isa = PBXFileReference; lastKnownFileType = image.png; name = Default.png; path = ../Default.png; sourceTree = "<group>"; };
		F9A4ACD3150149AB00D73407 /* Default@2x.png */ = {isa = PBXFileReference; lastKnownFileType = image.png; name = "Default@2x.png"; path = "../Default@2x.png"; sourceTree = "<group>"; };
		FA0E1445F98C80DD30D3C0E8 /* Pods-SCTwitter.release.xcconfig */ = {isa = PBXFileReference; includeInIndex = 1; lastKnownFileType = text.xcconfig; name = "Pods-SCTwitter.release.xcconfig"; path = "Pods/Target Support Files/Pods-SCTwitter/Pods-SCTwitter.release.xcconfig"; sourceTree = "<group>"; };
/* End PBXFileReference section */

/* Begin PBXFrameworksBuildPhase section */
		F99446E614FEF6370017A5D8 /* Frameworks */ = {
			isa = PBXFrameworksBuildPhase;
			buildActionMask = 2147483647;
			files = (
				F99446EE14FEF6370017A5D8 /* UIKit.framework in Frameworks */,
				F99446F014FEF6370017A5D8 /* Foundation.framework in Frameworks */,
				F99446F214FEF6370017A5D8 /* CoreGraphics.framework in Frameworks */,
				4E282E13073D37B079C77A72 /* libPods-SCTwitter.a in Frameworks */,
			);
			runOnlyForDeploymentPostprocessing = 0;
		};
/* End PBXFrameworksBuildPhase section */

/* Begin PBXGroup section */
		4ECDDE7A8D3835E043049F2A /* Frameworks */ = {
			isa = PBXGroup;
			children = (
				F285D7F4324ECC1D6A161047 /* libPods-SCTwitter.a */,
			);
			name = Frameworks;
			sourceTree = "<group>";
		};
		A0C340F28F6F48A0A859F962 /* Pods */ = {
			isa = PBXGroup;
			children = (
				ED93C22DE19EC650A15F570F /* Pods-SCTwitter.debug.xcconfig */,
				FA0E1445F98C80DD30D3C0E8 /* Pods-SCTwitter.release.xcconfig */,
			);
			name = Pods;
			sourceTree = "<group>";
		};
		F99446DE14FEF6370017A5D8 = {
			isa = PBXGroup;
			children = (
				F99446F314FEF6370017A5D8 /* SCTwitter */,
				F9A4ACCD1501472300D73407 /* Resources */,
				F994471114FEFB840017A5D8 /* Other Sources */,
				4ECDDE7A8D3835E043049F2A /* Frameworks */,
				A0C340F28F6F48A0A859F962 /* Pods */,
			);
			sourceTree = "<group>";
		};
		F99446EA14FEF6370017A5D8 /* Products */ = {
			isa = PBXGroup;
			children = (
				F99446E914FEF6370017A5D8 /* SCTwitter.app */,
			);
			name = Products;
			sourceTree = "<group>";
		};
		F99446EC14FEF6370017A5D8 /* Frameworks */ = {
			isa = PBXGroup;
			children = (
				F99446ED14FEF6370017A5D8 /* UIKit.framework */,
				F99446EF14FEF6370017A5D8 /* Foundation.framework */,
				F99446F114FEF6370017A5D8 /* CoreGraphics.framework */,
			);
			name = Frameworks;
			sourceTree = "<group>";
		};
		F99446F314FEF6370017A5D8 /* SCTwitter */ = {
			isa = PBXGroup;
			children = (
				F994470E14FEFB1B0017A5D8 /* SCTwitter.h */,
				F994470F14FEFB1B0017A5D8 /* SCTwitter.m */,
				F99448F115001E4E0017A5D8 /* Classes */,
				F99446F414FEF6370017A5D8 /* Supporting Files */,
			);
			path = SCTwitter;
			sourceTree = "<group>";
		};
		F99446F414FEF6370017A5D8 /* Supporting Files */ = {
			isa = PBXGroup;
			children = (
				F99446F514FEF6370017A5D8 /* SCTwitter-Info.plist */,
				F99446F614FEF6370017A5D8 /* InfoPlist.strings */,
				F99446F914FEF6370017A5D8 /* main.m */,
				F99446FB14FEF6370017A5D8 /* SCTwitter-Prefix.pch */,
			);
			name = "Supporting Files";
			sourceTree = "<group>";
		};
		F994471114FEFB840017A5D8 /* Other Sources */ = {
			isa = PBXGroup;
			children = (
				F99446EC14FEF6370017A5D8 /* Frameworks */,
				F99446EA14FEF6370017A5D8 /* Products */,
			);
			name = "Other Sources";
			sourceTree = "<group>";
		};
		F99448F115001E4E0017A5D8 /* Classes */ = {
			isa = PBXGroup;
			children = (
				A077DE961BC5A9530059C28B /* Launch Screen.storyboard */,
				F99446FF14FEF6370017A5D8 /* MainStoryboard.storyboard */,
				F99446FC14FEF6370017A5D8 /* SCTwitterAppDelegate.h */,
				F99446FD14FEF6370017A5D8 /* SCTwitterAppDelegate.m */,
				F994470214FEF6370017A5D8 /* SCTwitterViewController.h */,
				F994470314FEF6370017A5D8 /* SCTwitterViewController.m */,
			);
			name = Classes;
			sourceTree = "<group>";
		};
		F9A4ACCD1501472300D73407 /* Resources */ = {
			isa = PBXGroup;
			children = (
				F9A4ACCE1501473300D73407 /* images */,
			);
			name = Resources;
			path = SCTwitter;
			sourceTree = "<group>";
		};
		F9A4ACCE1501473300D73407 /* images */ = {
			isa = PBXGroup;
			children = (
				F9A4ACD3150149AB00D73407 /* Default@2x.png */,
				F9A4ACD1150149A200D73407 /* Default.png */,
				F99448F61501195B0017A5D8 /* icon@2x.png */,
				F99448F4150119500017A5D8 /* icon.png */,
				F9A4ACCF1501474500D73407 /* backgroundButton.png */,
			);
			name = images;
			sourceTree = "<group>";
		};
/* End PBXGroup section */

/* Begin PBXNativeTarget section */
		F99446E814FEF6370017A5D8 /* SCTwitter */ = {
			isa = PBXNativeTarget;
			buildConfigurationList = F994470714FEF6370017A5D8 /* Build configuration list for PBXNativeTarget "SCTwitter" */;
			buildPhases = (
				136DC1FD3371EABE3D1F6B6A /* Check Pods Manifest.lock */,
				F99446E514FEF6370017A5D8 /* Sources */,
				F99446E614FEF6370017A5D8 /* Frameworks */,
				F99446E714FEF6370017A5D8 /* Resources */,
				77501037ABE7B5B87A983F53 /* Copy Pods Resources */,
			);
			buildRules = (
			);
			dependencies = (
			);
			name = SCTwitter;
			productName = SCTwitter;
			productReference = F99446E914FEF6370017A5D8 /* SCTwitter.app */;
			productType = "com.apple.product-type.application";
		};
/* End PBXNativeTarget section */

/* Begin PBXProject section */
		F99446E014FEF6370017A5D8 /* Project object */ = {
			isa = PBXProject;
			attributes = {
				LastUpgradeCheck = 0430;
				TargetAttributes = {
					F99446E814FEF6370017A5D8 = {
						DevelopmentTeam = 6CG326ELR9;
					};
				};
			};
			buildConfigurationList = F99446E314FEF6370017A5D8 /* Build configuration list for PBXProject "SCTwitter" */;
			compatibilityVersion = "Xcode 3.2";
			developmentRegion = English;
			hasScannedForEncodings = 0;
			knownRegions = (
				en,
				English,
			);
			mainGroup = F99446DE14FEF6370017A5D8;
			productRefGroup = F99446EA14FEF6370017A5D8 /* Products */;
			projectDirPath = "";
			projectRoot = "";
			targets = (
				F99446E814FEF6370017A5D8 /* SCTwitter */,
			);
		};
/* End PBXProject section */

/* Begin PBXResourcesBuildPhase section */
		F99446E714FEF6370017A5D8 /* Resources */ = {
			isa = PBXResourcesBuildPhase;
			buildActionMask = 2147483647;
			files = (
				F99446F814FEF6370017A5D8 /* InfoPlist.strings in Resources */,
				F994470114FEF6370017A5D8 /* MainStoryboard.storyboard in Resources */,
				A077DE971BC5A9530059C28B /* Launch Screen.storyboard in Resources */,
				F99448F5150119510017A5D8 /* icon.png in Resources */,
				F99448F71501195D0017A5D8 /* icon@2x.png in Resources */,
				F9A4ACD01501474500D73407 /* backgroundButton.png in Resources */,
				F9A4ACD2150149A200D73407 /* Default.png in Resources */,
				F9A4ACD4150149AB00D73407 /* Default@2x.png in Resources */,
			);
			runOnlyForDeploymentPostprocessing = 0;
		};
/* End PBXResourcesBuildPhase section */

/* Begin PBXShellScriptBuildPhase section */
		136DC1FD3371EABE3D1F6B6A /* Check Pods Manifest.lock */ = {
			isa = PBXShellScriptBuildPhase;
			buildActionMask = 2147483647;
			files = (
			);
			inputPaths = (
			);
			name = "Check Pods Manifest.lock";
			outputPaths = (
			);
			runOnlyForDeploymentPostprocessing = 0;
			shellPath = /bin/sh;
			shellScript = "diff \"${PODS_ROOT}/../Podfile.lock\" \"${PODS_ROOT}/Manifest.lock\" > /dev/null\nif [[ $? != 0 ]] ; then\n    cat << EOM\nerror: The sandbox is not in sync with the Podfile.lock. Run 'pod install' or update your CocoaPods installation.\nEOM\n    exit 1\nfi\n";
			showEnvVarsInLog = 0;
		};
		77501037ABE7B5B87A983F53 /* Copy Pods Resources */ = {
			isa = PBXShellScriptBuildPhase;
			buildActionMask = 2147483647;
			files = (
			);
			inputPaths = (
			);
			name = "Copy Pods Resources";
			outputPaths = (
			);
			runOnlyForDeploymentPostprocessing = 0;
			shellPath = /bin/sh;
			shellScript = "\"${SRCROOT}/Pods/Target Support Files/Pods-SCTwitter/Pods-SCTwitter-resources.sh\"\n";
			showEnvVarsInLog = 0;
		};
/* End PBXShellScriptBuildPhase section */

/* Begin PBXSourcesBuildPhase section */
		F99446E514FEF6370017A5D8 /* Sources */ = {
			isa = PBXSourcesBuildPhase;
			buildActionMask = 2147483647;
			files = (
				F99446FA14FEF6370017A5D8 /* main.m in Sources */,
				F99446FE14FEF6370017A5D8 /* SCTwitterAppDelegate.m in Sources */,
				F994470414FEF6370017A5D8 /* SCTwitterViewController.m in Sources */,
				F994471014FEFB1B0017A5D8 /* SCTwitter.m in Sources */,
			);
			runOnlyForDeploymentPostprocessing = 0;
		};
/* End PBXSourcesBuildPhase section */

/* Begin PBXVariantGroup section */
		F99446F614FEF6370017A5D8 /* InfoPlist.strings */ = {
			isa = PBXVariantGroup;
			children = (
				F99446F714FEF6370017A5D8 /* en */,
			);
			name = InfoPlist.strings;
			sourceTree = "<group>";
		};
		F99446FF14FEF6370017A5D8 /* MainStoryboard.storyboard */ = {
			isa = PBXVariantGroup;
			children = (
				F994470014FEF6370017A5D8 /* en */,
			);
			name = MainStoryboard.storyboard;
			sourceTree = "<group>";
		};
/* End PBXVariantGroup section */

/* Begin XCBuildConfiguration section */
		F994470514FEF6370017A5D8 /* Debug */ = {
			isa = XCBuildConfiguration;
			buildSettings = {
				ALWAYS_SEARCH_USER_PATHS = NO;
				ARCHS = "$(ARCHS_STANDARD)";
				"CODE_SIGN_IDENTITY[sdk=iphoneos*]" = "iPhone Developer";
				GCC_C_LANGUAGE_STANDARD = gnu99;
				GCC_DYNAMIC_NO_PIC = NO;
				GCC_OPTIMIZATION_LEVEL = 0;
				GCC_PREPROCESSOR_DEFINITIONS = (
					"DEBUG=1",
					"$(inherited)",
				);
				GCC_SYMBOLS_PRIVATE_EXTERN = NO;
				GCC_VERSION = "";
				GCC_WARN_ABOUT_MISSING_PROTOTYPES = YES;
				GCC_WARN_ABOUT_RETURN_TYPE = YES;
				GCC_WARN_UNUSED_VARIABLE = YES;
				IPHONEOS_DEPLOYMENT_TARGET = 8.4;
				SDKROOT = iphoneos;
			};
			name = Debug;
		};
		F994470614FEF6370017A5D8 /* Release */ = {
			isa = XCBuildConfiguration;
			buildSettings = {
				ALWAYS_SEARCH_USER_PATHS = NO;
				ARCHS = "$(ARCHS_STANDARD)";
				"CODE_SIGN_IDENTITY[sdk=iphoneos*]" = "iPhone Developer";
				GCC_C_LANGUAGE_STANDARD = gnu99;
				GCC_VERSION = "";
				GCC_WARN_ABOUT_MISSING_PROTOTYPES = YES;
				GCC_WARN_ABOUT_RETURN_TYPE = YES;
				GCC_WARN_UNUSED_VARIABLE = YES;
				IPHONEOS_DEPLOYMENT_TARGET = 8.4;
				OTHER_CFLAGS = "-DNS_BLOCK_ASSERTIONS=1";
				SDKROOT = iphoneos;
			};
			name = Release;
		};
		F994470814FEF6370017A5D8 /* Debug */ = {
			isa = XCBuildConfiguration;
			baseConfigurationReference = ED93C22DE19EC650A15F570F /* Pods-SCTwitter.debug.xcconfig */;
			buildSettings = {
				CODE_SIGN_IDENTITY = "iPhone Developer";
				ENABLE_BITCODE = NO;
				GCC_PRECOMPILE_PREFIX_HEADER = YES;
				GCC_PREFIX_HEADER = "SCTwitter/SCTwitter-Prefix.pch";
				INFOPLIST_FILE = "SCTwitter/SCTwitter-Info.plist";
				IPHONEOS_DEPLOYMENT_TARGET = 8.4;
				ONLY_ACTIVE_ARCH = YES;
				OTHER_CODE_SIGN_FLAGS = "";
				PRODUCT_NAME = "$(TARGET_NAME)";
				WRAPPER_EXTENSION = app;
			};
			name = Debug;
		};
		F994470914FEF6370017A5D8 /* Release */ = {
			isa = XCBuildConfiguration;
			baseConfigurationReference = FA0E1445F98C80DD30D3C0E8 /* Pods-SCTwitter.release.xcconfig */;
			buildSettings = {
				CODE_SIGN_IDENTITY = "iPhone Developer";
				ENABLE_BITCODE = NO;
				GCC_PRECOMPILE_PREFIX_HEADER = YES;
				GCC_PREFIX_HEADER = "SCTwitter/SCTwitter-Prefix.pch";
				INFOPLIST_FILE = "SCTwitter/SCTwitter-Info.plist";
				IPHONEOS_DEPLOYMENT_TARGET = 8.4;
				OTHER_CODE_SIGN_FLAGS = "";
				PRODUCT_NAME = "$(TARGET_NAME)";
				WRAPPER_EXTENSION = app;
			};
			name = Release;
		};
/* End XCBuildConfiguration section */

/* Begin XCConfigurationList section */
		F99446E314FEF6370017A5D8 /* Build configuration list for PBXProject "SCTwitter" */ = {
			isa = XCConfigurationList;
			buildConfigurations = (
				F994470514FEF6370017A5D8 /* Debug */,
				F994470614FEF6370017A5D8 /* Release */,
			);
			defaultConfigurationIsVisible = 0;
			defaultConfigurationName = Release;
		};
		F994470714FEF6370017A5D8 /* Build configuration list for PBXNativeTarget "SCTwitter" */ = {
			isa = XCConfigurationList;
			buildConfigurations = (
				F994470814FEF6370017A5D8 /* Debug */,
				F994470914FEF6370017A5D8 /* Release */,
			);
			defaultConfigurationIsVisible = 0;
			defaultConfigurationName = Release;
		};
/* End XCConfigurationList section */
	};
	rootObject = F99446E014FEF6370017A5D8 /* Project object */;
}
